
Microsoft Visual Studio Solution File, Format Version 12.00
# Visual Studio Version 16
VisualStudioVersion = 16.0.31129.286
MinimumVisualStudioVersion = 10.0.40219.1
Project("{FAE04EC0-301F-11D3-BF4B-00C04F79EFBC}") = "PraciceWebApp", "PraciceWebApp\PraciceWebApp.csproj", "{04A7052B-D0E0-4BB5-A03C-983C3F1837DE}"
EndProject
Global
	GlobalSection(SolutionConfigurationPlatforms) = preSolution
		Debug|Any CPU = Debug|Any CPU
		Release|Any CPU = Release|Any CPU
	EndGlobalSection
	GlobalSection(ProjectConfigurationPlatforms) = postSolution
		{04A7052B-D0E0-4BB5-A03C-983C3F1837DE}.Debug|Any CPU.ActiveCfg = Debug|Any CPU
		{04A7052B-D0E0-4BB5-A03C-983C3F1837DE}.Debug|Any CPU.Build.0 = Debug|Any CPU
		{04A7052B-D0E0-4BB5-A03C-983C3F1837DE}.Release|Any CPU.ActiveCfg = Release|Any CPU
		{04A7052B-D0E0-4BB5-A03C-983C3F1837DE}.Release|Any CPU.Build.0 = Release|Any CPU
	EndGlobalSection
	GlobalSection(SolutionProperties) = preSolution
		HideSolutionNode = FALSE
	EndGlobalSection
	GlobalSection(ExtensibilityGlobals) = postSolution
		SolutionGuid = {4AF3F55E-DD30-4FB7-8F5E-4F85862715AF}
	EndGlobalSection
EndGlobal
